
Microsoft Visual Studio Solution File, Format Version 12.00
Project("{FAE04EC0-301F-11D3-BF4B-00C04F79EFBC}") = "Operator overloadings", "Operator overloadings.csproj", "{FA5ADF4A-3583-4E99-A789-2DC70CE755DB}"
EndProject
Global
	GlobalSection(SolutionConfigurationPlatforms) = preSolution
		Debug|Any CPU = Debug|Any CPU
		Release|Any CPU = Release|Any CPU
	EndGlobalSection
	GlobalSection(ProjectConfigurationPlatforms) = postSolution
		{FA5ADF4A-3583-4E99-A789-2DC70CE755DB}.Debug|Any CPU.ActiveCfg = Debug|Any CPU
		{FA5ADF4A-3583-4E99-A789-2DC70CE755DB}.Debug|Any CPU.Build.0 = Debug|Any CPU
		{FA5ADF4A-3583-4E99-A789-2DC70CE755DB}.Release|Any CPU.ActiveCfg = Release|Any CPU
		{FA5ADF4A-3583-4E99-A789-2DC70CE755DB}.Release|Any CPU.Build.0 = Release|Any CPU
	EndGlobalSection
EndGlobal
